
Microsoft Visual Studio Solution File, Format Version 12.00
# Visual Studio Version 16
VisualStudioVersion = 16.0.35931.194
MinimumVisualStudioVersion = 10.0.40219.1
Project("{FAE04EC0-301F-11D3-BF4B-00C04F79EFBC}") = "QANinjaAdapter", "QANinjaAdapter.csproj", "{A738CD17-D508-4534-81F7-CBC5F7D54E71}"
EndProject
Project("{FAE04EC0-301F-11D3-BF4B-00C04F79EFBC}") = "QABrokerAPI", "..\QABrokerAPI\QABrokerAPI.csproj", "{48C4D455-BA8B-4163-B7CA-25A6DF39E373}"
EndProject
Project("{9A19103F-16F7-4668-BE54-9A1E7A4F7556}") = "QA.Tests", "..\QA.Tests\QA.Tests.csproj", "{6ED23446-D9A4-49C2-A7C1-BD1DB069EBE9}"
EndProject
Project("{FAE04EC0-301F-11D3-BF4B-00C04F79EFBC}") = "QAAddOnUI", "..\QAAddOnUI\QAAddOnUI.csproj", "{1D357411-097A-490D-B682-01193374E772}"
EndProject
Project("{2150E333-8FDC-42A3-9474-1A3956D46DE8}") = "Solution Items", "Solution Items", "{8BC4FFC3-ED55-481D-A50F-AB7498ACD34E}"
	ProjectSection(SolutionItems) = preProject
		Directory.Build.props = Directory.Build.props
	EndProjectSection
EndProject
Project("{FAE04EC0-301F-11D3-BF4B-00C04F79EFBC}") = "Test Applications", "..\Test Applications\Test Applications.csproj", "{5B4BEF5E-8AA0-4514-93E9-EA99A1A59FD5}"
EndProject
Global
	GlobalSection(SolutionConfigurationPlatforms) = preSolution
		Debug|Any CPU = Debug|Any CPU
		Release|Any CPU = Release|Any CPU
	EndGlobalSection
	GlobalSection(ProjectConfigurationPlatforms) = postSolution
		{A738CD17-D508-4534-81F7-CBC5F7D54E71}.Debug|Any CPU.ActiveCfg = Debug|Any CPU
		{A738CD17-D508-4534-81F7-CBC5F7D54E71}.Debug|Any CPU.Build.0 = Debug|Any CPU
		{A738CD17-D508-4534-81F7-CBC5F7D54E71}.Release|Any CPU.ActiveCfg = Release|Any CPU
		{A738CD17-D508-4534-81F7-CBC5F7D54E71}.Release|Any CPU.Build.0 = Release|Any CPU
		{48C4D455-BA8B-4163-B7CA-25A6DF39E373}.Debug|Any CPU.ActiveCfg = Debug|Any CPU
		{48C4D455-BA8B-4163-B7CA-25A6DF39E373}.Debug|Any CPU.Build.0 = Debug|Any CPU
		{48C4D455-BA8B-4163-B7CA-25A6DF39E373}.Release|Any CPU.ActiveCfg = Release|Any CPU
		{48C4D455-BA8B-4163-B7CA-25A6DF39E373}.Release|Any CPU.Build.0 = Release|Any CPU
		{6ED23446-D9A4-49C2-A7C1-BD1DB069EBE9}.Debug|Any CPU.ActiveCfg = Debug|Any CPU
		{6ED23446-D9A4-49C2-A7C1-BD1DB069EBE9}.Debug|Any CPU.Build.0 = Debug|Any CPU
		{6ED23446-D9A4-49C2-A7C1-BD1DB069EBE9}.Release|Any CPU.ActiveCfg = Release|Any CPU
		{6ED23446-D9A4-49C2-A7C1-BD1DB069EBE9}.Release|Any CPU.Build.0 = Release|Any CPU
		{1D357411-097A-490D-B682-01193374E772}.Debug|Any CPU.ActiveCfg = Debug|Any CPU
		{1D357411-097A-490D-B682-01193374E772}.Debug|Any CPU.Build.0 = Debug|Any CPU
		{1D357411-097A-490D-B682-01193374E772}.Release|Any CPU.ActiveCfg = Release|Any CPU
		{1D357411-097A-490D-B682-01193374E772}.Release|Any CPU.Build.0 = Release|Any CPU
		{5B4BEF5E-8AA0-4514-93E9-EA99A1A59FD5}.Debug|Any CPU.ActiveCfg = Debug|Any CPU
		{5B4BEF5E-8AA0-4514-93E9-EA99A1A59FD5}.Debug|Any CPU.Build.0 = Debug|Any CPU
		{5B4BEF5E-8AA0-4514-93E9-EA99A1A59FD5}.Release|Any CPU.ActiveCfg = Release|Any CPU
		{5B4BEF5E-8AA0-4514-93E9-EA99A1A59FD5}.Release|Any CPU.Build.0 = Release|Any CPU
	EndGlobalSection
	GlobalSection(SolutionProperties) = preSolution
		HideSolutionNode = FALSE
	EndGlobalSection
	GlobalSection(ExtensibilityGlobals) = postSolution
		SolutionGuid = {A6494FE2-5107-4062-8805-3E5F7D2412B0}
	EndGlobalSection
EndGlobal
